
Microsoft Visual Studio Solution File, Format Version 12.00
# Visual Studio Version 16
VisualStudioVersion = 16.0.30517.126
MinimumVisualStudioVersion = 10.0.40219.1
Project("{9A19103F-16F7-4668-BE54-9A1E7A4F7556}") = "Team8CA", "Team8CA\Team8CA.csproj", "{292E53C7-340C-4370-9C4E-AEF504516CF2}"
EndProject
Global
	GlobalSection(SolutionConfigurationPlatforms) = preSolution
		Debug|Any CPU = Debug|Any CPU
		Release|Any CPU = Release|Any CPU
	EndGlobalSection
	GlobalSection(ProjectConfigurationPlatforms) = postSolution
		{292E53C7-340C-4370-9C4E-AEF504516CF2}.Debug|Any CPU.ActiveCfg = Debug|Any CPU
		{292E53C7-340C-4370-9C4E-AEF504516CF2}.Debug|Any CPU.Build.0 = Debug|Any CPU
		{292E53C7-340C-4370-9C4E-AEF504516CF2}.Release|Any CPU.ActiveCfg = Release|Any CPU
		{292E53C7-340C-4370-9C4E-AEF504516CF2}.Release|Any CPU.Build.0 = Release|Any CPU
	EndGlobalSection
	GlobalSection(SolutionProperties) = preSolution
		HideSolutionNode = FALSE
	EndGlobalSection
	GlobalSection(ExtensibilityGlobals) = postSolution
		SolutionGuid = {6772D160-8CF6-4A4B-87A9-CE188A88C3F5}
	EndGlobalSection
EndGlobal
